
Microsoft Visual Studio Solution File, Format Version 12.00
# Visual Studio Version 16
VisualStudioVersion = 16.0.30011.22
MinimumVisualStudioVersion = 10.0.40219.1
Project("{8BC9CEB8-8B4A-11D0-8D11-00A0C91BC942}") = "string", "string.vcxproj", "{A9C5CB2A-5162-4620-BDD3-4BCCF61C2FD3}"
EndProject
Global
	GlobalSection(SolutionConfigurationPlatforms) = preSolution
		Debug|x64 = Debug|x64
		Debug|x86 = Debug|x86
		Release|x64 = Release|x64
		Release|x86 = Release|x86
	EndGlobalSection
	GlobalSection(ProjectConfigurationPlatforms) = postSolution
		{A9C5CB2A-5162-4620-BDD3-4BCCF61C2FD3}.Debug|x64.ActiveCfg = Debug|x64
		{A9C5CB2A-5162-4620-BDD3-4BCCF61C2FD3}.Debug|x64.Build.0 = Debug|x64
		{A9C5CB2A-5162-4620-BDD3-4BCCF61C2FD3}.Debug|x86.ActiveCfg = Debug|Win32
		{A9C5CB2A-5162-4620-BDD3-4BCCF61C2FD3}.Debug|x86.Build.0 = Debug|Win32
		{A9C5CB2A-5162-4620-BDD3-4BCCF61C2FD3}.Release|x64.ActiveCfg = Release|x64
		{A9C5CB2A-5162-4620-BDD3-4BCCF61C2FD3}.Release|x64.Build.0 = Release|x64
		{A9C5CB2A-5162-4620-BDD3-4BCCF61C2FD3}.Release|x86.ActiveCfg = Release|Win32
		{A9C5CB2A-5162-4620-BDD3-4BCCF61C2FD3}.Release|x86.Build.0 = Release|Win32
	EndGlobalSection
	GlobalSection(SolutionProperties) = preSolution
		HideSolutionNode = FALSE
	EndGlobalSection
	GlobalSection(ExtensibilityGlobals) = postSolution
		SolutionGuid = {4B5127AB-B3D5-4F37-A241-E291021DAF2B}
	EndGlobalSection
EndGlobal
